lockfileVersion: '9.0'

settings:
  autoInstallPeers: true
  excludeLinksFromLockfile: false

importers:

  .:
    devDependencies:
      '@rspack/core':
        specifier: ^2.0.0-rc.2
        version: 2.0.0-rc.2
      '@rspack/dev-server':
        specifier: ^2.0.0-rc.3
        version: 2.0.0-rc.3(@rspack/core@2.0.0-rc.2)
      '@swc/core':
        specifier: ^1.15.26
        version: 1.15.26
      oxfmt:
        specifier: ^0.45.0
        version: 0.45.0
      ts-node:
        specifier: ^10.9.2
        version: 10.9.2(@swc/core@1.15.26)(@types/node@25.5.2)(typescript@5.9.3)
      tsconfig-paths:
        specifier: ^4.2.0
        version: 4.2.0
      typescript:
        specifier: ^5.6.3
        version: 5.9.3

packages:

  '@cspotcode/source-map-support@0.8.1':
    resolution: {integrity: sha512-IchNf6dN4tHoMFIn/7OE8LWZ19Y6q/67Bmf6vnGREv8RSbBVb9LPJxEcnwrcwX6ixSvaiGoomAUvu4YSxXrVgw==}
    engines: {node: '>=12'}

  '@emnapi/core@1.9.2':
    resolution: {integrity: sha512-UC+ZhH3XtczQYfOlu3lNEkdW/p4dsJ1r/bP7H8+rhao3TTTMO1ATq/4DdIi23XuGoFY+Cz0JmCbdVl0hz9jZcA==}

  '@emnapi/runtime@1.9.2':
    resolution: {integrity: sha512-3U4+MIWHImeyu1wnmVygh5WlgfYDtyf0k8AbLhMFxOipihf6nrWC4syIm/SwEeec0mNSafiiNnMJwbza/Is6Lw==}

  '@emnapi/wasi-threads@1.2.1':
    resolution: {integrity: sha512-uTII7OYF+/Mes/MrcIOYp5yOtSMLBWSIoLPpcgwipoiKbli6k322tcoFsxoIIxPDqW01SQGAgko4EzZi2BNv2w==}

  '@jridgewell/resolve-uri@3.1.2':
    resolution: {integrity: sha512-bRISgCIjP20/tbWSPWMEi54QVPRZExkuD9lJL+UIxUKtwVJA8wW1Trb1jMs1RFXo1CBTNZ/5hpC9QvmKWdopKw==}
    engines: {node: '>=6.0.0'}

  '@jridgewell/sourcemap-codec@1.5.5':
    resolution: {integrity: sha512-cYQ9310grqxueWbl+WuIUIaiUaDcj7WOq5fVhEljNVgRfOUhY9fy2zTvfoqWsnebh8Sl70VScFbICvJnLKB0Og==}

  '@jridgewell/trace-mapping@0.3.9':
    resolution: {integrity: sha512-3Belt6tdc8bPgAtbcmdtNJlirVoTmEb5e2gC94PnkwEW9jI6CAHUeoG85tjWP5WquqfavoMtMwiG4P926ZKKuQ==}

  '@napi-rs/wasm-runtime@1.1.3':
    resolution: {integrity: sha512-xK9sGVbJWYb08+mTJt3/YV24WxvxpXcXtP6B172paPZ+Ts69Re9dAr7lKwJoeIx8OoeuimEiRZ7umkiUVClmmQ==}
    peerDependencies:
      '@emnapi/core': ^1.7.1
      '@emnapi/runtime': ^1.7.1

  '@oxfmt/binding-android-arm-eabi@0.45.0':
    resolution: {integrity: sha512-A/UMxFob1fefCuMeGxQBulGfFE38g2Gm23ynr3u6b+b7fY7/ajGbNsa3ikMIkGMLJW/TRoQaMoP1kME7S+815w==}
    engines: {node: ^20.19.0 || >=22.12.0}
    cpu: [arm]
    os: [android]

  '@oxfmt/binding-android-arm64@0.45.0':
    resolution: {integrity: sha512-L63z4uZmHjgvvqvMJD7mwff8aSBkM0+X4uFr6l6U5t6+Qc9DCLVZWIunJ7Gm4fn4zHPdSq6FFQnhu9yqqobxIg==}
    engines: {node: ^20.19.0 || >=22.12.0}
    cpu: [arm64]
    os: [android]

  '@oxfmt/binding-darwin-arm64@0.45.0':
    resolution: {integrity: sha512-UV34dd623FzqT+outIGndsCA/RBB+qgB3XVQhgmmJ9PJwa37NzPC9qzgKeOhPKxVk2HW+JKldQrVL54zs4Noww==}
    engines: {node: ^20.19.0 || >=22.12.0}
    cpu: [arm64]
    os: [darwin]

  '@oxfmt/binding-darwin-x64@0.45.0':
    resolution: {integrity: sha512-pMNJv0CMa1pDefVPeNbuQxibh8ITpWDFEhMC/IBB9Zlu76EbgzYwrzI4Cb11mqX2+rIYN70UTrh3z06TM59ptQ==}
    engines: {node: ^20.19.0 || >=22.12.0}
    cpu: [x64]
    os: [darwin]

  '@oxfmt/binding-freebsd-x64@0.45.0':
    resolution: {integrity: sha512-xTcRoxbbo61sW2+ZRPeH+vp/o9G8gkdhiVumFU+TpneiPm14c79l6GFlxPXlCE9bNWikigbsrvJw46zCVAQFfg==}
    engines: {node: ^20.19.0 || >=22.12.0}
    cpu: [x64]
    os: [freebsd]

  '@oxfmt/binding-linux-arm-gnueabihf@0.45.0':
    resolution: {integrity: sha512-hWL8Hdni+3U1mPFx1UtWeGp3tNb6EhBAUHRMbKUxVkOp3WwoJbpVO2bfUVbS4PfpledviXXNHSTl1veTa6FhkQ==}
    engines: {node: ^20.19.0 || >=22.12.0}
    cpu: [arm]
    os: [linux]

  '@oxfmt/binding-linux-arm-musleabihf@0.45.0':
    resolution: {integrity: sha512-6Blt/0OBT7vvfQpqYuYbpbFLPqSiaYpEJzUUWhinPEuADypDbtV1+LdjM0vYBNGPvnj85ex7lTerEX6JGcPt9w==}
    engines: {node: ^20.19.0 || >=22.12.0}
    cpu: [arm]
    os: [linux]

  '@oxfmt/binding-linux-arm64-gnu@0.45.0':
    resolution: {integrity: sha512-jLjoLfe+hGfjhA8hNBSdw85yCA8ePKq7ME4T+g6P9caQXvmt6IhE2X7iVjnVdkmYUWEzZrxlh4p6RkDmAMJY/A==}
    engines: {node: ^20.19.0 || >=22.12.0}
    cpu: [arm64]
    os: [linux]

  '@oxfmt/binding-linux-arm64-musl@0.45.0':
    resolution: {integrity: sha512-XQKXZIKYJC3GQJ8FnD3iMntpw69Wd9kDDK/Xt79p6xnFYlGGxSNv2vIBvRTDg5CKByWFWWZLCRDOXoP/m6YN4g==}
    engines: {node: ^20.19.0 || >=22.12.0}
    cpu: [arm64]
    os: [linux]

  '@oxfmt/binding-linux-ppc64-gnu@0.45.0':
    resolution: {integrity: sha512-+g5RiG+xOkdrCWkKodv407nTvMq4vYM18Uox2MhZBm/YoqFxxJpWKsloskFFG5NU13HGPw1wzYjjOVcyd9moCA==}
    engines: {node: ^20.19.0 || >=22.12.0}
    cpu: [ppc64]
    os: [linux]

  '@oxfmt/binding-linux-riscv64-gnu@0.45.0':
    resolution: {integrity: sha512-V7dXKoSyEbWAkkSF4JJNtF+NJZDmJoSarSoP30WCsB3X636Rehd3CvxBj49FIJxEBFWhvcUjGSHVeU8Erck1bQ==}
    engines: {node: ^20.19.0 || >=22.12.0}
    cpu: [riscv64]
    os: [linux]

  '@oxfmt/binding-linux-riscv64-musl@0.45.0':
    resolution: {integrity: sha512-Vdelft1sAEYojVGgcODEFXSWYQYlIvoyIGWebKCuUibd1tvS1TjTx413xG2ZLuHpYj45CkN/ztMLMX6jrgqpgg==}
    engines: {node: ^20.19.0 || >=22.12.0}
    cpu: [riscv64]
    os: [linux]

  '@oxfmt/binding-linux-s390x-gnu@0.45.0':
    resolution: {integrity: sha512-RR7xKgNpqwENnK0aYCGYg0JycY2n93J0reNjHyes+I9Gq52dH95x+CBlnlAQHCPfz6FGnKA9HirgUl14WO6o7w==}
    engines: {node: ^20.19.0 || >=22.12.0}
    cpu: [s390x]
    os: [linux]

  '@oxfmt/binding-linux-x64-gnu@0.45.0':
    resolution: {integrity: sha512-U/QQ0+BQNSHxjuXR/utvXnQ50Vu5kUuqEomZvQ1/3mhgbBiMc2WU9q5kZ5WwLp3gnFIx9ibkveoRSe2EZubkqg==}
    engines: {node: ^20.19.0 || >=22.12.0}
    cpu: [x64]
    os: [linux]

  '@oxfmt/binding-linux-x64-musl@0.45.0':
    resolution: {integrity: sha512-o5TLOUCF0RWQjsIS06yVC+kFgp092/yLe6qBGSUvtnmTVw9gxjpdQSXc3VN5Cnive4K11HNstEZF8ROKHfDFSw==}
    engines: {node: ^20.19.0 || >=22.12.0}
    cpu: [x64]
    os: [linux]

  '@oxfmt/binding-openharmony-arm64@0.45.0':
    resolution: {integrity: sha512-RnGcV3HgPuOjsGx/k9oyRNKmOp+NBLGzZTdPDYbc19r7NGeYPplnUU/BfU35bX2Y/O4ejvHxcfkvW2WoYL/gsg==}
    engines: {node: ^20.19.0 || >=22.12.0}
    cpu: [arm64]
    os: [openharmony]

  '@oxfmt/binding-win32-arm64-msvc@0.45.0':
    resolution: {integrity: sha512-v3Vj7iKKsUFwt9w5hsqIIoErKVoENC6LoqfDlteOQ5QMDCXihlqLoxpmviUhXnNncg4zV6U9BPwlBbwa+qm4wg==}
    engines: {node: ^20.19.0 || >=22.12.0}
    cpu: [arm64]
    os: [win32]

  '@oxfmt/binding-win32-ia32-msvc@0.45.0':
    resolution: {integrity: sha512-N8yotPBX6ph0H3toF4AEpdCeVPrdcSetj+8eGiZGsrLsng3bs/Q5HPu4bbSxip5GBPx5hGbGHrZwH4+rcrjhHA==}
    engines: {node: ^20.19.0 || >=22.12.0}
    cpu: [ia32]
    os: [win32]

  '@oxfmt/binding-win32-x64-msvc@0.45.0':
    resolution: {integrity: sha512-w5MMTRCK1dpQeRA+HHqXQXyN33DlG/N2LOYxJmaT4fJjcmZrbNnqw7SmIk7I2/a2493PPLZ+2E/Ar6t2iKVMug==}
    engines: {node: ^20.19.0 || >=22.12.0}
    cpu: [x64]
    os: [win32]

  '@rspack/binding-darwin-arm64@2.0.0-rc.2':
    resolution: {integrity: sha512-DZNgQOXH7YFrBC1LWadQCthhVDaazvvsuZuo4bu2gNWr9KxAMlBXjseNWb5ehvs9l4W9qHU1YlE38IpevYDaCQ==}
    cpu: [arm64]
    os: [darwin]

  '@rspack/binding-darwin-x64@2.0.0-rc.2':
    resolution: {integrity: sha512-XSW0efCx/NNJhede7rBAKwai7bnGf4xdZUEEAfqcwNdmQwFsywNV1abJbtgsxhOpNkCk5OM+y7auGuViaNFtzw==}
    cpu: [x64]
    os: [darwin]

  '@rspack/binding-linux-arm64-gnu@2.0.0-rc.2':
    resolution: {integrity: sha512-/5Z9uvLRN/GSkgnhm6pP3x+I0zMQPrT6YDmZY5r1W78opM9yAzb3h4+N44Yz+ZnRVsBFYEEP/1WyHIH8ORsUIw==}
    cpu: [arm64]
    os: [linux]

  '@rspack/binding-linux-arm64-musl@2.0.0-rc.2':
    resolution: {integrity: sha512-yn8fOyzeoz90ZY34x89pXIhsiq7VFOjGLJPrbmxMDzv6GHtaP3QCpT06Ehytja5zqCoe6KGTVDhZ+kGHSW9SQA==}
    cpu: [arm64]
    os: [linux]

  '@rspack/binding-linux-x64-gnu@2.0.0-rc.2':
    resolution: {integrity: sha512-RmG4QECU8vwxAp3p8WcU1PWag01tSHRx6hn0RRu8aHk5GpO8qYBc2qu9tI+XNaa4SVxZsftM4oCQoDbj/P6G0Q==}
    cpu: [x64]
    os: [linux]

  '@rspack/binding-linux-x64-musl@2.0.0-rc.2':
    resolution: {integrity: sha512-/anSr9uTiwB8FrbpKkAlQ7yoZwKLzo4AYOR27yVji8qO4+E55dFv7y7RQEWVwgwZzH3PuszhlPEdYCWjtsG9fw==}
    cpu: [x64]
    os: [linux]

  '@rspack/binding-wasm32-wasi@2.0.0-rc.2':
    resolution: {integrity: sha512-r5MaAmReXlDOar49RNRxg4vMpXRJF2iaNaMdpNqVOQJbA5JWVp0a+iK9+9hRK7JcxcsveyskspLtnvPRfbTp5Q==}
    cpu: [wasm32]

  '@rspack/binding-win32-arm64-msvc@2.0.0-rc.2':
    resolution: {integrity: sha512-5bfkpcaMIsW1j0bLtbqwOUPs4RSsCVy5Fg94t6HR/VSAG7sEgoDhDaoluGNGFMHShqxOPpEvOuoiEhiYz0ROtw==}
    cpu: [arm64]
    os: [win32]

  '@rspack/binding-win32-ia32-msvc@2.0.0-rc.2':
    resolution: {integrity: sha512-c+uafREU0Q3hpw5ANYQVm9iNOYjGPIeRC/ZGKKyKvcT+Y79j3Hhem+nhYs6E8JLRNevRCeTVl/ZdnTsot6UzEQ==}
    cpu: [ia32]
    os: [win32]

  '@rspack/binding-win32-x64-msvc@2.0.0-rc.2':
    resolution: {integrity: sha512-Xa4Bq38x5EDxcpmkEnJBiTpfCUzNuXT9f/ks3bSVspYJc55ckJ1IeVg6q70ECKLl1ZSf0CnHWkMwZoWFupDjjg==}
    cpu: [x64]
    os: [win32]

  '@rspack/binding@2.0.0-rc.2':
    resolution: {integrity: sha512-+UKHWh/vOzOpFC/2P6LpEWa6EDnDPkDcd+0xuFUVJHsnYFSB3Wk5qBKRxvPkH4T0tuj0LBbgrCKIoP5dcSaH7w==}

  '@rspack/core@2.0.0-rc.2':
    resolution: {integrity: sha512-9owyob7bWAtpBhTq+Zn81MVtkb75Rk57Mjz/U5g9chUrmEJztgcM3o6rPKt1XKCsAv1q3NgWdv96cEdaSR1cHA==}
    engines: {node: ^20.19.0 || >=22.12.0}
    peerDependencies:
      '@module-federation/runtime-tools': ^0.24.1 || ^2.0.0
      '@swc/helpers': '>=0.5.1'
    peerDependenciesMeta:
      '@module-federation/runtime-tools':
        optional: true
      '@swc/helpers':
        optional: true

  '@rspack/dev-middleware@2.0.1':
    resolution: {integrity: sha512-cXSubf5/C+dvkWV2/+rGTtiZ93wSLd3OlTQhwMvsmsmGDdPlkYqIvQ+BTkOk9UCXxKIaF0DDYYmCpBeRRYJfJw==}
    engines: {node: ^20.19.0 || >=22.12.0}
    peerDependencies:
      '@rspack/core': ^2.0.0-0
    peerDependenciesMeta:
      '@rspack/core':
        optional: true

  '@rspack/dev-server@2.0.0-rc.3':
    resolution: {integrity: sha512-05awfTvXy9ZgWsKnYR3oOoPGJ+XS0RN/mhfPfA9WmWCETG9+Wop/OkL54FgokSPG0nJInfU3byNskTdDFYY4eQ==}
    engines: {node: ^20.19.0 || >=22.12.0}
    peerDependencies:
      '@rspack/core': ^2.0.0-0
      selfsigned: ^5.0.0
    peerDependenciesMeta:
      selfsigned:
        optional: true

  '@swc/core-darwin-arm64@1.15.26':
    resolution: {integrity: sha512-OmcP96CFsNOwa65tamQayRcfqhNlcQ3YCWOq+0Wb+CAM4uB7kOMrXY41Gj4atthxrGhLQ9pg7Vk26iApb88idA==}
    engines: {node: '>=10'}
    cpu: [arm64]
    os: [darwin]

  '@swc/core-darwin-x64@1.15.26':
    resolution: {integrity: sha512-liTTTpKSv89ivIxcZ+iU1cRige9Y7JkOjVnJ2Ystzl+DsWNHqt7wLTTgm/u7gEqmmAS2JKryODLQn3q1UtFNPQ==}
    engines: {node: '>=10'}
    cpu: [x64]
    os: [darwin]

  '@swc/core-linux-arm-gnueabihf@1.15.26':
    resolution: {integrity: sha512-Y/g+m3I8CeBof5A3kWWOS6QA2HOIUytF5EeTgfwcAK+GKT/tGe7Xqo5svBtaqflU5od2zzbMTWqkinPXgRWGgA==}
    engines: {node: '>=10'}
    cpu: [arm]
    os: [linux]

  '@swc/core-linux-arm64-gnu@1.15.26':
    resolution: {integrity: sha512-19IvwyPfBN/rz9s7qXhOTQmW0922+pjpRUUvIebu+CMM75nX6YuDzHsGx8hSmn5dS89SNaMCh1lgUuXqm++6jg==}
    engines: {node: '>=10'}
    cpu: [arm64]
    os: [linux]

  '@swc/core-linux-arm64-musl@1.15.26':
    resolution: {integrity: sha512-iNlbvTIo425rkKzDLLWFJGnFXr3myETUdIDHcjuiPNZE8b0ogmcAuilC4yEJX7FSHGbnlsoJcCT2xf4b3VJmmQ==}
    engines: {node: '>=10'}
    cpu: [arm64]
    os: [linux]

  '@swc/core-linux-ppc64-gnu@1.15.26':
    resolution: {integrity: sha512-AuuEOtG+YXKIjIUup4RsxYNklx6XVB3WKWfhxG6hnfPrn7vp89RNOLbbyyprgj6Sk7k9ulwGVTJElEvmBNPSCA==}
    engines: {node: '>=10'}
    cpu: [ppc64]
    os: [linux]

  '@swc/core-linux-s390x-gnu@1.15.26':
    resolution: {integrity: sha512-JcMDWQvW1BchUyRg8E0jHiTx7CQYpUr5uDEL1dnPDECrEjBEGG2ynmJ3XX70sWXql0JagqR1t3VpANYFWdUnqA==}
    engines: {node: '>=10'}
    cpu: [s390x]
    os: [linux]

  '@swc/core-linux-x64-gnu@1.15.26':
    resolution: {integrity: sha512-FW7V7Mbpq4+PA7BiAq76LJs8MdNuUSylyuRVfQRkhIyeWadFroZ+KOPgjku8Z/fXzngxBRvsk+PGGB0t8mGcjA==}
    engines: {node: '>=10'}
    cpu: [x64]
    os: [linux]

  '@swc/core-linux-x64-musl@1.15.26':
    resolution: {integrity: sha512-w8erqMHsVcdGwUfJxF6LaiTuPoKnyLOcUbhLcxiXrlLt5MLjtlgcIeUY/NWK/oPoyqkgH+/i8pOJnMTxvl83ZQ==}
    engines: {node: '>=10'}
    cpu: [x64]
    os: [linux]

  '@swc/core-win32-arm64-msvc@1.15.26':
    resolution: {integrity: sha512-uDCWCNpUiqkbvPmsuPUTn/P7ag9SqNXD2JT/W3dUu7yZ2krzN+nmmoQ2xRX63/J6RYiHI7aT4jo7Z++lsljlPA==}
    engines: {node: '>=10'}
    cpu: [arm64]
    os: [win32]

  '@swc/core-win32-ia32-msvc@1.15.26':
    resolution: {integrity: sha512-2k1ax1QmmqLEnpC0uRCw7OXhBfyvdPqERBXupDasjYbChT6ZSO/uha28Bp38cw0viKIG79L27aTDkbkABsMW3w==}
    engines: {node: '>=10'}
    cpu: [ia32]
    os: [win32]

  '@swc/core-win32-x64-msvc@1.15.26':
    resolution: {integrity: sha512-aUuYecSEGa4SUSdyCWaI/vk8jdseifYnsF1GZQx2+piL8GIuT/5QrVcFfmes4Iwy7FIVXxtzD063z/FfpZ7K7w==}
    engines: {node: '>=10'}
    cpu: [x64]
    os: [win32]

  '@swc/core@1.15.26':
    resolution: {integrity: sha512-tglZGyx8N5PC+x1Nd/JrZxqpqlcZoSuG9gTDKO6AuFToFiVB3uS8HvbKFuO7g3lJzvFf9riAb94xs9HU2UhAHQ==}
    engines: {node: '>=10'}
    peerDependencies:
      '@swc/helpers': '>=0.5.17'
    peerDependenciesMeta:
      '@swc/helpers':
        optional: true

  '@swc/counter@0.1.3':
    resolution: {integrity: sha512-e2BR4lsJkkRlKZ/qCHPw9ZaSxc0MVUd7gtbtaB7aMvHeJVYe8sOB8DBZkP2DtISHGSku9sCK6T6cnY0CtXrOCQ==}

  '@swc/types@0.1.26':
    resolution: {integrity: sha512-lyMwd7WGgG79RS7EERZV3T8wMdmPq3xwyg+1nmAM64kIhx5yl+juO2PYIHb7vTiPgPCj8LYjsNV2T5wiQHUEaw==}

  '@tsconfig/node10@1.0.12':
    resolution: {integrity: sha512-UCYBaeFvM11aU2y3YPZ//O5Rhj+xKyzy7mvcIoAjASbigy8mHMryP5cK7dgjlz2hWxh1g5pLw084E0a/wlUSFQ==}

  '@tsconfig/node12@1.0.11':
    resolution: {integrity: sha512-cqefuRsh12pWyGsIoBKJA9luFu3mRxCA+ORZvA4ktLSzIuCUtWVxGIuXigEwO5/ywWFMZ2QEGKWvkZG1zDMTag==}

  '@tsconfig/node14@1.0.3':
    resolution: {integrity: sha512-ysT8mhdixWK6Hw3i1V2AeRqZ5WfXg1G43mqoYlM2nc6388Fq5jcXyr5mRsqViLx/GJYdoL0bfXD8nmF+Zn/Iow==}

  '@tsconfig/node16@1.0.4':
    resolution: {integrity: sha512-vxhUy4J8lyeyinH7Azl1pdd43GJhZH/tP2weN8TntQblOY+A0XbT8DJk1/oCPuOOyg/Ja757rG0CgHcWC8OfMA==}

  '@tybys/wasm-util@0.10.1':
    resolution: {integrity: sha512-9tTaPJLSiejZKx+Bmog4uSubteqTvFrVrURwkmHixBo0G4seD0zUxp98E1DzUBJxLQ3NPwXrGKDiVjwx/DpPsg==}

  '@types/node@25.5.2':
    resolution: {integrity: sha512-tO4ZIRKNC+MDWV4qKVZe3Ql/woTnmHDr5JD8UI5hn2pwBrHEwOEMZK7WlNb5RKB6EoJ02gwmQS9OrjuFnZYdpg==}

  acorn-walk@8.3.5:
    resolution: {integrity: sha512-HEHNfbars9v4pgpW6SO1KSPkfoS0xVOM/9UzkJltjlsHZmJasxg8aXkuZa7SMf8vKGIBhpUsPluQSqhJFCqebw==}
    engines: {node: '>=0.4.0'}

  acorn@8.16.0:
    resolution: {integrity: sha512-UVJyE9MttOsBQIDKw1skb9nAwQuR5wuGD3+82K6JgJlm/Y+KI92oNsMNGZCYdDsVtRHSak0pcV5Dno5+4jh9sw==}
    engines: {node: '>=0.4.0'}
    hasBin: true

  arg@4.1.3:
    resolution: {integrity: sha512-58S9QDqG0Xx27YwPSt9fJxivjYl432YCwfDMfZ+71RAqUrZef7LrKQZ3LHLOwCS4FLNBplP533Zx895SeOCHvA==}

  create-require@1.1.1:
    resolution: {integrity: sha512-dcKFX3jn0MpIaXjisoRvexIJVEKzaq7z2rZKxf+MSr9TkdmHmsU4m2lcLojrj/FHl8mk5VxMmYA+ftRkP/3oKQ==}

  diff@4.0.4:
    resolution: {integrity: sha512-X07nttJQkwkfKfvTPG/KSnE2OMdcUCao6+eXF3wmnIQRn2aPAHH3VxDbDOdegkd6JbPsXqShpvEOHfAT+nCNwQ==}
    engines: {node: '>=0.3.1'}

  json5@2.2.3:
    resolution: {integrity: sha512-XmOWe7eyHYH14cLdVPoyg+GOH3rYX++KpzrylJwSW98t3Nk+U8XOl8FWKOgwtzdb8lXGf6zYwDUzeHMWfxasyg==}
    engines: {node: '>=6'}
    hasBin: true

  make-error@1.3.6:
    resolution: {integrity: sha512-s8UhlNe7vPKomQhC1qFelMokr/Sc3AgNbso3n74mVPA5LTZwkB9NlXf4XPamLxJE8h0gh73rM94xvwRT2CVInw==}

  minimist@1.2.8:
    resolution: {integrity: sha512-2yyAR8qBkN3YuheJanUpWC5U3bb5osDywNB8RzDVlDwDHbocAJveqqj1u8+SVD7jkWT4yvsHCpWqqWqAxb0zCA==}

  oxfmt@0.45.0:
    resolution: {integrity: sha512-0o/COoN9fY50bjVeM7PQsNgbhndKurBIeTIcspW033OumksjJJmIVDKjAk5HMwU/GHTxSOdGDdhJ6BRzGPmsHg==}
    engines: {node: ^20.19.0 || >=22.12.0}
    hasBin: true

  strip-bom@3.0.0:
    resolution: {integrity: sha512-vavAMRXOgBVNF6nyEEmL3DBK19iRpDcoIwW+swQ+CbGiu7lju6t+JklA1MHweoWtadgt4ISVUsXLyDq34ddcwA==}
    engines: {node: '>=4'}

  tinypool@2.1.0:
    resolution: {integrity: sha512-Pugqs6M0m7Lv1I7FtxN4aoyToKg1C4tu+/381vH35y8oENM/Ai7f7C4StcoK4/+BSw9ebcS8jRiVrORFKCALLw==}
    engines: {node: ^20.0.0 || >=22.0.0}

  ts-node@10.9.2:
    resolution: {integrity: sha512-f0FFpIdcHgn8zcPSbf1dRevwt047YMnaiJM3u2w2RewrB+fob/zePZcrOyQoLMMO7aBIddLcQIEK5dYjkLnGrQ==}
    hasBin: true
    peerDependencies:
      '@swc/core': '>=1.2.50'
      '@swc/wasm': '>=1.2.50'
      '@types/node': '*'
      typescript: '>=2.7'
    peerDependenciesMeta:
      '@swc/core':
        optional: true
      '@swc/wasm':
        optional: true

  tsconfig-paths@4.2.0:
    resolution: {integrity: sha512-NoZ4roiN7LnbKn9QqE1amc9DJfzvZXxF4xDavcOWt1BPkdx+m+0gJuPM+S0vCe7zTJMYUP0R8pO2XMr+Y8oLIg==}
    engines: {node: '>=6'}

  tslib@2.8.1:
    resolution: {integrity: sha512-oJFu94HQb+KVduSUQL7wnpmqnfmLsOA/nAh6b6EH0wCEoK0/mPeXU6c3wKDV83MkOuHPRHtSXKKU99IBazS/2w==}

  typescript@5.9.3:
    resolution: {integrity: sha512-jl1vZzPDinLr9eUt3J/t7V6FgNEw9QjvBPdysz9KfQDD41fQrC2Y4vKQdiaUpFT4bXlb1RHhLpp8wtm6M5TgSw==}
    engines: {node: '>=14.17'}
    hasBin: true

  undici-types@7.18.2:
    resolution: {integrity: sha512-AsuCzffGHJybSaRrmr5eHr81mwJU3kjw6M+uprWvCXiNeN9SOGwQ3Jn8jb8m3Z6izVgknn1R0FTCEAP2QrLY/w==}

  v8-compile-cache-lib@3.0.1:
    resolution: {integrity: sha512-wa7YjyUGfNZngI/vtK0UHAN+lgDCxBPCylVXGp0zu59Fz5aiGtNXaq3DhIov063MorB+VfufLh3JlF2KdTK3xg==}

  yn@3.1.1:
    resolution: {integrity: sha512-Ux4ygGWsu2c7isFWe8Yu1YluJmqVhxqK2cLXNQA5AcC3QfbGNpM7fu0Y8b/z16pXLnFxZYvWhd3fhBY9DLmC6Q==}
    engines: {node: '>=6'}

snapshots:

  '@cspotcode/source-map-support@0.8.1':
    dependencies:
      '@jridgewell/trace-mapping': 0.3.9

  '@emnapi/core@1.9.2':
    dependencies:
      '@emnapi/wasi-threads': 1.2.1
      tslib: 2.8.1
    optional: true

  '@emnapi/runtime@1.9.2':
    dependencies:
      tslib: 2.8.1
    optional: true

  '@emnapi/wasi-threads@1.2.1':
    dependencies:
      tslib: 2.8.1
    optional: true

  '@jridgewell/resolve-uri@3.1.2': {}

  '@jridgewell/sourcemap-codec@1.5.5': {}

  '@jridgewell/trace-mapping@0.3.9':
    dependencies:
      '@jridgewell/resolve-uri': 3.1.2
      '@jridgewell/sourcemap-codec': 1.5.5

  '@napi-rs/wasm-runtime@1.1.3(@emnapi/core@1.9.2)(@emnapi/runtime@1.9.2)':
    dependencies:
      '@emnapi/core': 1.9.2
      '@emnapi/runtime': 1.9.2
      '@tybys/wasm-util': 0.10.1
    optional: true

  '@oxfmt/binding-android-arm-eabi@0.45.0':
    optional: true

  '@oxfmt/binding-android-arm64@0.45.0':
    optional: true

  '@oxfmt/binding-darwin-arm64@0.45.0':
    optional: true

  '@oxfmt/binding-darwin-x64@0.45.0':
    optional: true

  '@oxfmt/binding-freebsd-x64@0.45.0':
    optional: true

  '@oxfmt/binding-linux-arm-gnueabihf@0.45.0':
    optional: true

  '@oxfmt/binding-linux-arm-musleabihf@0.45.0':
    optional: true

  '@oxfmt/binding-linux-arm64-gnu@0.45.0':
    optional: true

  '@oxfmt/binding-linux-arm64-musl@0.45.0':
    optional: true

  '@oxfmt/binding-linux-ppc64-gnu@0.45.0':
    optional: true

  '@oxfmt/binding-linux-riscv64-gnu@0.45.0':
    optional: true

  '@oxfmt/binding-linux-riscv64-musl@0.45.0':
    optional: true

  '@oxfmt/binding-linux-s390x-gnu@0.45.0':
    optional: true

  '@oxfmt/binding-linux-x64-gnu@0.45.0':
    optional: true

  '@oxfmt/binding-linux-x64-musl@0.45.0':
    optional: true

  '@oxfmt/binding-openharmony-arm64@0.45.0':
    optional: true

  '@oxfmt/binding-win32-arm64-msvc@0.45.0':
    optional: true

  '@oxfmt/binding-win32-ia32-msvc@0.45.0':
    optional: true

  '@oxfmt/binding-win32-x64-msvc@0.45.0':
    optional: true

  '@rspack/binding-darwin-arm64@2.0.0-rc.2':
    optional: true

  '@rspack/binding-darwin-x64@2.0.0-rc.2':
    optional: true

  '@rspack/binding-linux-arm64-gnu@2.0.0-rc.2':
    optional: true

  '@rspack/binding-linux-arm64-musl@2.0.0-rc.2':
    optional: true

  '@rspack/binding-linux-x64-gnu@2.0.0-rc.2':
    optional: true

  '@rspack/binding-linux-x64-musl@2.0.0-rc.2':
    optional: true

  '@rspack/binding-wasm32-wasi@2.0.0-rc.2':
    dependencies:
      '@emnapi/core': 1.9.2
      '@emnapi/runtime': 1.9.2
      '@napi-rs/wasm-runtime': 1.1.3(@emnapi/core@1.9.2)(@emnapi/runtime@1.9.2)
    optional: true

  '@rspack/binding-win32-arm64-msvc@2.0.0-rc.2':
    optional: true

  '@rspack/binding-win32-ia32-msvc@2.0.0-rc.2':
    optional: true

  '@rspack/binding-win32-x64-msvc@2.0.0-rc.2':
    optional: true

  '@rspack/binding@2.0.0-rc.2':
    optionalDependencies:
      '@rspack/binding-darwin-arm64': 2.0.0-rc.2
      '@rspack/binding-darwin-x64': 2.0.0-rc.2
      '@rspack/binding-linux-arm64-gnu': 2.0.0-rc.2
      '@rspack/binding-linux-arm64-musl': 2.0.0-rc.2
      '@rspack/binding-linux-x64-gnu': 2.0.0-rc.2
      '@rspack/binding-linux-x64-musl': 2.0.0-rc.2
      '@rspack/binding-wasm32-wasi': 2.0.0-rc.2
      '@rspack/binding-win32-arm64-msvc': 2.0.0-rc.2
      '@rspack/binding-win32-ia32-msvc': 2.0.0-rc.2
      '@rspack/binding-win32-x64-msvc': 2.0.0-rc.2

  '@rspack/core@2.0.0-rc.2':
    dependencies:
      '@rspack/binding': 2.0.0-rc.2

  '@rspack/dev-middleware@2.0.1(@rspack/core@2.0.0-rc.2)':
    optionalDependencies:
      '@rspack/core': 2.0.0-rc.2

  '@rspack/dev-server@2.0.0-rc.3(@rspack/core@2.0.0-rc.2)':
    dependencies:
      '@rspack/core': 2.0.0-rc.2
      '@rspack/dev-middleware': 2.0.1(@rspack/core@2.0.0-rc.2)

  '@swc/core-darwin-arm64@1.15.26':
    optional: true

  '@swc/core-darwin-x64@1.15.26':
    optional: true

  '@swc/core-linux-arm-gnueabihf@1.15.26':
    optional: true

  '@swc/core-linux-arm64-gnu@1.15.26':
    optional: true

  '@swc/core-linux-arm64-musl@1.15.26':
    optional: true

  '@swc/core-linux-ppc64-gnu@1.15.26':
    optional: true

  '@swc/core-linux-s390x-gnu@1.15.26':
    optional: true

  '@swc/core-linux-x64-gnu@1.15.26':
    optional: true

  '@swc/core-linux-x64-musl@1.15.26':
    optional: true

  '@swc/core-win32-arm64-msvc@1.15.26':
    optional: true

  '@swc/core-win32-ia32-msvc@1.15.26':
    optional: true

  '@swc/core-win32-x64-msvc@1.15.26':
    optional: true

  '@swc/core@1.15.26':
    dependencies:
      '@swc/counter': 0.1.3
      '@swc/types': 0.1.26
    optionalDependencies:
      '@swc/core-darwin-arm64': 1.15.26
      '@swc/core-darwin-x64': 1.15.26
      '@swc/core-linux-arm-gnueabihf': 1.15.26
      '@swc/core-linux-arm64-gnu': 1.15.26
      '@swc/core-linux-arm64-musl': 1.15.26
      '@swc/core-linux-ppc64-gnu': 1.15.26
      '@swc/core-linux-s390x-gnu': 1.15.26
      '@swc/core-linux-x64-gnu': 1.15.26
      '@swc/core-linux-x64-musl': 1.15.26
      '@swc/core-win32-arm64-msvc': 1.15.26
      '@swc/core-win32-ia32-msvc': 1.15.26
      '@swc/core-win32-x64-msvc': 1.15.26

  '@swc/counter@0.1.3': {}

  '@swc/types@0.1.26':
    dependencies:
      '@swc/counter': 0.1.3

  '@tsconfig/node10@1.0.12': {}

  '@tsconfig/node12@1.0.11': {}

  '@tsconfig/node14@1.0.3': {}

  '@tsconfig/node16@1.0.4': {}

  '@tybys/wasm-util@0.10.1':
    dependencies:
      tslib: 2.8.1
    optional: true

  '@types/node@25.5.2':
    dependencies:
      undici-types: 7.18.2

  acorn-walk@8.3.5:
    dependencies:
      acorn: 8.16.0

  acorn@8.16.0: {}

  arg@4.1.3: {}

  create-require@1.1.1: {}

  diff@4.0.4: {}

  json5@2.2.3: {}

  make-error@1.3.6: {}

  minimist@1.2.8: {}

  oxfmt@0.45.0:
    dependencies:
      tinypool: 2.1.0
    optionalDependencies:
      '@oxfmt/binding-android-arm-eabi': 0.45.0
      '@oxfmt/binding-android-arm64': 0.45.0
      '@oxfmt/binding-darwin-arm64': 0.45.0
      '@oxfmt/binding-darwin-x64': 0.45.0
      '@oxfmt/binding-freebsd-x64': 0.45.0
      '@oxfmt/binding-linux-arm-gnueabihf': 0.45.0
      '@oxfmt/binding-linux-arm-musleabihf': 0.45.0
      '@oxfmt/binding-linux-arm64-gnu': 0.45.0
      '@oxfmt/binding-linux-arm64-musl': 0.45.0
      '@oxfmt/binding-linux-ppc64-gnu': 0.45.0
      '@oxfmt/binding-linux-riscv64-gnu': 0.45.0
      '@oxfmt/binding-linux-riscv64-musl': 0.45.0
      '@oxfmt/binding-linux-s390x-gnu': 0.45.0
      '@oxfmt/binding-linux-x64-gnu': 0.45.0
      '@oxfmt/binding-linux-x64-musl': 0.45.0
      '@oxfmt/binding-openharmony-arm64': 0.45.0
      '@oxfmt/binding-win32-arm64-msvc': 0.45.0
      '@oxfmt/binding-win32-ia32-msvc': 0.45.0
      '@oxfmt/binding-win32-x64-msvc': 0.45.0

  strip-bom@3.0.0: {}

  tinypool@2.1.0: {}

  ts-node@10.9.2(@swc/core@1.15.26)(@types/node@25.5.2)(typescript@5.9.3):
    dependencies:
      '@cspotcode/source-map-support': 0.8.1
      '@tsconfig/node10': 1.0.12
      '@tsconfig/node12': 1.0.11
      '@tsconfig/node14': 1.0.3
      '@tsconfig/node16': 1.0.4
      '@types/node': 25.5.2
      acorn: 8.16.0
      acorn-walk: 8.3.5
      arg: 4.1.3
      create-require: 1.1.1
      diff: 4.0.4
      make-error: 1.3.6
      typescript: 5.9.3
      v8-compile-cache-lib: 3.0.1
      yn: 3.1.1
    optionalDependencies:
      '@swc/core': 1.15.26

  tsconfig-paths@4.2.0:
    dependencies:
      json5: 2.2.3
      minimist: 1.2.8
      strip-bom: 3.0.0

  tslib@2.8.1:
    optional: true

  typescript@5.9.3: {}

  undici-types@7.18.2: {}

  v8-compile-cache-lib@3.0.1: {}

  yn@3.1.1: {}
